
Microsoft Visual Studio Solution File, Format Version 12.00
# Visual Studio 15
Project("{FAE04EC0-301F-11D3-BF4B-00C04F79EFBC}") = "Association", "Association\Association.csproj", "{F22FA0B3-7847-434A-87C3-7CDEA1ED5A0B}"
EndProject
Global
	GlobalSection(SolutionConfigurationPlatforms) = preSolution
		Debug|Any CPU = Debug|Any CPU
		Release|Any CPU = Release|Any CPU
	EndGlobalSection
	GlobalSection(ProjectConfigurationPlatforms) = postSolution
		{F22FA0B3-7847-434A-87C3-7CDEA1ED5A0B}.Debug|Any CPU.ActiveCfg = Debug|Any CPU
		{F22FA0B3-7847-434A-87C3-7CDEA1ED5A0B}.Debug|Any CPU.Build.0 = Debug|Any CPU
		{F22FA0B3-7847-434A-87C3-7CDEA1ED5A0B}.Release|Any CPU.ActiveCfg = Release|Any CPU
		{F22FA0B3-7847-434A-87C3-7CDEA1ED5A0B}.Release|Any CPU.Build.0 = Release|Any CPU
	EndGlobalSection
EndGlobal
