
Microsoft Visual Studio Solution File, Format Version 12.00
# Visual Studio 15
Project("{FAE04EC0-301F-11D3-BF4B-00C04F79EFBC}") = "Properties", "Properties\Properties.csproj", "{6AB279CB-E09A-478C-8A37-18DE84559D1E}"
EndProject
Global
	GlobalSection(SolutionConfigurationPlatforms) = preSolution
		Debug|Any CPU = Debug|Any CPU
		Release|Any CPU = Release|Any CPU
	EndGlobalSection
	GlobalSection(ProjectConfigurationPlatforms) = postSolution
		{6AB279CB-E09A-478C-8A37-18DE84559D1E}.Debug|Any CPU.ActiveCfg = Debug|Any CPU
		{6AB279CB-E09A-478C-8A37-18DE84559D1E}.Debug|Any CPU.Build.0 = Debug|Any CPU
		{6AB279CB-E09A-478C-8A37-18DE84559D1E}.Release|Any CPU.ActiveCfg = Release|Any CPU
		{6AB279CB-E09A-478C-8A37-18DE84559D1E}.Release|Any CPU.Build.0 = Release|Any CPU
	EndGlobalSection
EndGlobal
