
Microsoft Visual Studio Solution File, Format Version 12.00
# Visual Studio 15
Project("{FAE04EC0-301F-11D3-BF4B-00C04F79EFBC}") = "InterfacesTestability", "InterfacesTestability\InterfacesTestability.csproj", "{96DD3977-8B6D-4871-8FCA-C79F6B6856C0}"
EndProject
Global
	GlobalSection(SolutionConfigurationPlatforms) = preSolution
		Debug|Any CPU = Debug|Any CPU
		Release|Any CPU = Release|Any CPU
	EndGlobalSection
	GlobalSection(ProjectConfigurationPlatforms) = postSolution
		{96DD3977-8B6D-4871-8FCA-C79F6B6856C0}.Debug|Any CPU.ActiveCfg = Debug|Any CPU
		{96DD3977-8B6D-4871-8FCA-C79F6B6856C0}.Debug|Any CPU.Build.0 = Debug|Any CPU
		{96DD3977-8B6D-4871-8FCA-C79F6B6856C0}.Release|Any CPU.ActiveCfg = Release|Any CPU
		{96DD3977-8B6D-4871-8FCA-C79F6B6856C0}.Release|Any CPU.Build.0 = Release|Any CPU
	EndGlobalSection
EndGlobal
